
Microsoft Visual Studio Solution File, Format Version 12.00
# Visual Studio Version 17
VisualStudioVersion = 17.3.32901.215
MinimumVisualStudioVersion = 10.0.40219.1
Project("{FAE04EC0-301F-11D3-BF4B-00C04F79EFBC}") = "HSC_Report3", "HSC_Report3\HSC_Report3.csproj", "{5CE75700-2244-48ED-A18D-A66E08B25C53}"
EndProject
Global
	GlobalSection(SolutionConfigurationPlatforms) = preSolution
		Debug|Any CPU = Debug|Any CPU
		Release|Any CPU = Release|Any CPU
	EndGlobalSection
	GlobalSection(ProjectConfigurationPlatforms) = postSolution
		{5CE75700-2244-48ED-A18D-A66E08B25C53}.Debug|Any CPU.ActiveCfg = Debug|Any CPU
		{5CE75700-2244-48ED-A18D-A66E08B25C53}.Debug|Any CPU.Build.0 = Debug|Any CPU
		{5CE75700-2244-48ED-A18D-A66E08B25C53}.Release|Any CPU.ActiveCfg = Release|Any CPU
		{5CE75700-2244-48ED-A18D-A66E08B25C53}.Release|Any CPU.Build.0 = Release|Any CPU
	EndGlobalSection
	GlobalSection(SolutionProperties) = preSolution
		HideSolutionNode = FALSE
	EndGlobalSection
	GlobalSection(ExtensibilityGlobals) = postSolution
		SolutionGuid = {49297DFF-7FA3-4487-82C4-5769776B47A0}
	EndGlobalSection
EndGlobal
